// !$*UTF8*$!
{
	archiveVersion = 1;
	classes = {
	};
	objectVersion = 56;
	objects = {

/* Begin PBXBuildFile section */
		1278BD77A35872620BAEFB20 /* Pods_SwftProject.framework in Frameworks */ = {isa = PBXBuildFile; fileRef = 622B6AEC2C69387DC2A7741F /* Pods_SwftProject.framework */; };
		CFA024FE2B22B18700B172EE /* AppDelegate.swift in Sources */ = {isa = PBXBuildFile; fileRef = CFA024FD2B22B18700B172EE /* AppDelegate.swift */; };
		CFA025022B22B18700B172EE /* ViewController.swift in Sources */ = {isa = PBXBuildFile; fileRef = CFA025012B22B18700B172EE /* ViewController.swift */; };
		CFA025052B22B18700B172EE /* Main.storyboard in Resources */ = {isa = PBXBuildFile; fileRef = CFA025032B22B18700B172EE /* Main.storyboard */; };
		CFA025072B22B18700B172EE /* Assets.xcassets in Resources */ = {isa = PBXBuildFile; fileRef = CFA025062B22B18700B172EE /* Assets.xcassets */; };
		CFA0250A2B22B18700B172EE /* LaunchScreen.storyboard in Resources */ = {isa = PBXBuildFile; fileRef = CFA025082B22B18700B172EE /* LaunchScreen.storyboard */; };
		CFA025182B22BECB00B172EE /* JTabbarVC.swift in Sources */ = {isa = PBXBuildFile; fileRef = CFA025172B22BECB00B172EE /* JTabbarVC.swift */; };
		CFA0251A2B22BEF500B172EE /* JNavContoller.swift in Sources */ = {isa = PBXBuildFile; fileRef = CFA025192B22BEF500B172EE /* JNavContoller.swift */; };
		CFA0251C2B22BF0B00B172EE /* JBaseViewController.swift in Sources */ = {isa = PBXBuildFile; fileRef = CFA0251B2B22BF0B00B172EE /* JBaseViewController.swift */; };
		CFA0251E2B22C0D000B172EE /* JMainViewController.swift in Sources */ = {isa = PBXBuildFile; fileRef = CFA0251D2B22C0D000B172EE /* JMainViewController.swift */; };
/* End PBXBuildFile section */

/* Begin PBXFileReference section */
		622B6AEC2C69387DC2A7741F /* Pods_SwftProject.framework */ = {isa = PBXFileReference; explicitFileType = wrapper.framework; includeInIndex = 0; path = Pods_SwftProject.framework; sourceTree = BUILT_PRODUCTS_DIR; };
		C11A96908CBB3CF25EED5876 /* Pods-SwftProject.release.xcconfig */ = {isa = PBXFileReference; includeInIndex = 1; lastKnownFileType = text.xcconfig; name = "Pods-SwftProject.release.xcconfig"; path = "Target Support Files/Pods-SwftProject/Pods-SwftProject.release.xcconfig"; sourceTree = "<group>"; };
		CBAD7A644817A1EC9EE38BE1 /* Pods-SwftProject.debug.xcconfig */ = {isa = PBXFileReference; includeInIndex = 1; lastKnownFileType = text.xcconfig; name = "Pods-SwftProject.debug.xcconfig"; path = "Target Support Files/Pods-SwftProject/Pods-SwftProject.debug.xcconfig"; sourceTree = "<group>"; };
		CFA024FA2B22B18700B172EE /* SwftProject.app */ = {isa = PBXFileReference; explicitFileType = wrapper.application; includeInIndex = 0; path = SwftProject.app; sourceTree = BUILT_PRODUCTS_DIR; };
		CFA024FD2B22B18700B172EE /* AppDelegate.swift */ = {isa = PBXFileReference; lastKnownFileType = sourcecode.swift; path = AppDelegate.swift; sourceTree = "<group>"; };
		CFA025012B22B18700B172EE /* ViewController.swift */ = {isa = PBXFileReference; lastKnownFileType = sourcecode.swift; path = ViewController.swift; sourceTree = "<group>"; };
		CFA025042B22B18700B172EE /* Base */ = {isa = PBXFileReference; lastKnownFileType = file.storyboard; name = Base; path = Base.lproj/Main.storyboard; sourceTree = "<group>"; };
		CFA025062B22B18700B172EE /* Assets.xcassets */ = {isa = PBXFileReference; lastKnownFileType = folder.assetcatalog; path = Assets.xcassets; sourceTree = "<group>"; };
		CFA025092B22B18700B172EE /* Base */ = {isa = PBXFileReference; lastKnownFileType = file.storyboard; name = Base; path = Base.lproj/LaunchScreen.storyboard; sourceTree = "<group>"; };
		CFA0250B2B22B18700B172EE /* Info.plist */ = {isa = PBXFileReference; lastKnownFileType = text.plist.xml; path = Info.plist; sourceTree = "<group>"; };
		CFA025172B22BECB00B172EE /* JTabbarVC.swift */ = {isa = PBXFileReference; lastKnownFileType = sourcecode.swift; path = JTabbarVC.swift; sourceTree = "<group>"; };
		CFA025192B22BEF500B172EE /* JNavContoller.swift */ = {isa = PBXFileReference; lastKnownFileType = sourcecode.swift; path = JNavContoller.swift; sourceTree = "<group>"; };
		CFA0251B2B22BF0B00B172EE /* JBaseViewController.swift */ = {isa = PBXFileReference; lastKnownFileType = sourcecode.swift; path = JBaseViewController.swift; sourceTree = "<group>"; };
		CFA0251D2B22C0D000B172EE /* JMainViewController.swift */ = {isa = PBXFileReference; lastKnownFileType = sourcecode.swift; path = JMainViewController.swift; sourceTree = "<group>"; };
/* End PBXFileReference section */

/* Begin PBXFrameworksBuildPhase section */
		CFA024F72B22B18600B172EE /* Frameworks */ = {
			isa = PBXFrameworksBuildPhase;
			buildActionMask = 2147483647;
			files = (
				1278BD77A35872620BAEFB20 /* Pods_SwftProject.framework in Frameworks */,
			);
			runOnlyForDeploymentPostprocessing = 0;
		};
/* End PBXFrameworksBuildPhase section */

/* Begin PBXGroup section */
		29853CB56EB25588F3B4189C /* Pods */ = {
			isa = PBXGroup;
			children = (
				CBAD7A644817A1EC9EE38BE1 /* Pods-SwftProject.debug.xcconfig */,
				C11A96908CBB3CF25EED5876 /* Pods-SwftProject.release.xcconfig */,
			);
			path = Pods;
			sourceTree = "<group>";
		};
		2D01DC45503597A3C1354692 /* Frameworks */ = {
			isa = PBXGroup;
			children = (
				622B6AEC2C69387DC2A7741F /* Pods_SwftProject.framework */,
			);
			name = Frameworks;
			sourceTree = "<group>";
		};
		CFA024F12B22B18600B172EE = {
			isa = PBXGroup;
			children = (
				CFA024FC2B22B18700B172EE /* SwftProject */,
				CFA024FB2B22B18700B172EE /* Products */,
				29853CB56EB25588F3B4189C /* Pods */,
				2D01DC45503597A3C1354692 /* Frameworks */,
			);
			sourceTree = "<group>";
		};
		CFA024FB2B22B18700B172EE /* Products */ = {
			isa = PBXGroup;
			children = (
				CFA024FA2B22B18700B172EE /* SwftProject.app */,
			);
			name = Products;
			sourceTree = "<group>";
		};
		CFA024FC2B22B18700B172EE /* SwftProject */ = {
			isa = PBXGroup;
			children = (
				CFA025112B22B97900B172EE /* Classes */,
				CFA024FD2B22B18700B172EE /* AppDelegate.swift */,
				CFA025012B22B18700B172EE /* ViewController.swift */,
				CFA025032B22B18700B172EE /* Main.storyboard */,
				CFA025062B22B18700B172EE /* Assets.xcassets */,
				CFA025082B22B18700B172EE /* LaunchScreen.storyboard */,
				CFA0250B2B22B18700B172EE /* Info.plist */,
			);
			path = SwftProject;
			sourceTree = "<group>";
		};
		CFA025112B22B97900B172EE /* Classes */ = {
			isa = PBXGroup;
			children = (
				CFA025122B22B97900B172EE /* Modules */,
				CFA025132B22B97900B172EE /* Base */,
			);
			path = Classes;
			sourceTree = "<group>";
		};
		CFA025122B22B97900B172EE /* Modules */ = {
			isa = PBXGroup;
			children = (
				CFA025142B22BBFD00B172EE /* Main */,
			);
			path = Modules;
			sourceTree = "<group>";
		};
		CFA025132B22B97900B172EE /* Base */ = {
			isa = PBXGroup;
			children = (
				CFA025172B22BECB00B172EE /* JTabbarVC.swift */,
				CFA025192B22BEF500B172EE /* JNavContoller.swift */,
				CFA0251B2B22BF0B00B172EE /* JBaseViewController.swift */,
			);
			path = Base;
			sourceTree = "<group>";
		};
		CFA025142B22BBFD00B172EE /* Main */ = {
			isa = PBXGroup;
			children = (
				CFA025152B22BBFD00B172EE /* ViewModel */,
				CFA025162B22BBFD00B172EE /* VC */,
			);
			path = Main;
			sourceTree = "<group>";
		};
		CFA025152B22BBFD00B172EE /* ViewModel */ = {
			isa = PBXGroup;
			children = (
			);
			path = ViewModel;
			sourceTree = "<group>";
		};
		CFA025162B22BBFD00B172EE /* VC */ = {
			isa = PBXGroup;
			children = (
				CFA0251D2B22C0D000B172EE /* JMainViewController.swift */,
			);
			path = VC;
			sourceTree = "<group>";
		};
/* End PBXGroup section */

/* Begin PBXNativeTarget section */
		CFA024F92B22B18600B172EE /* SwftProject */ = {
			isa = PBXNativeTarget;
			buildConfigurationList = CFA0250E2B22B18700B172EE /* Build configuration list for PBXNativeTarget "SwftProject" */;
			buildPhases = (
				47BF4F30720BD2C5293FEA35 /* [CP] Check Pods Manifest.lock */,
				CFA024F62B22B18600B172EE /* Sources */,
				CFA024F72B22B18600B172EE /* Frameworks */,
				CFA024F82B22B18600B172EE /* Resources */,
				14E0D2BA3DCBC6F4A3414672 /* [CP] Embed Pods Frameworks */,
			);
			buildRules = (
			);
			dependencies = (
			);
			name = SwftProject;
			productName = SwftProject;
			productReference = CFA024FA2B22B18700B172EE /* SwftProject.app */;
			productType = "com.apple.product-type.application";
		};
/* End PBXNativeTarget section */

/* Begin PBXProject section */
		CFA024F22B22B18600B172EE /* Project object */ = {
			isa = PBXProject;
			attributes = {
				BuildIndependentTargetsInParallel = 1;
				LastSwiftUpdateCheck = 1420;
				LastUpgradeCheck = 1420;
				TargetAttributes = {
					CFA024F92B22B18600B172EE = {
						CreatedOnToolsVersion = 14.2;
					};
				};
			};
			buildConfigurationList = CFA024F52B22B18600B172EE /* Build configuration list for PBXProject "SwftProject" */;
			compatibilityVersion = "Xcode 14.0";
			developmentRegion = en;
			hasScannedForEncodings = 0;
			knownRegions = (
				en,
				Base,
			);
			mainGroup = CFA024F12B22B18600B172EE;
			productRefGroup = CFA024FB2B22B18700B172EE /* Products */;
			projectDirPath = "";
			projectRoot = "";
			targets = (
				CFA024F92B22B18600B172EE /* SwftProject */,
			);
		};
/* End PBXProject section */

/* Begin PBXResourcesBuildPhase section */
		CFA024F82B22B18600B172EE /* Resources */ = {
			isa = PBXResourcesBuildPhase;
			buildActionMask = 2147483647;
			files = (
				CFA0250A2B22B18700B172EE /* LaunchScreen.storyboard in Resources */,
				CFA025072B22B18700B172EE /* Assets.xcassets in Resources */,
				CFA025052B22B18700B172EE /* Main.storyboard in Resources */,
			);
			runOnlyForDeploymentPostprocessing = 0;
		};
/* End PBXResourcesBuildPhase section */

/* Begin PBXShellScriptBuildPhase section */
		14E0D2BA3DCBC6F4A3414672 /* [CP] Embed Pods Frameworks */ = {
			isa = PBXShellScriptBuildPhase;
			buildActionMask = 2147483647;
			files = (
			);
			inputFileListPaths = (
				"${PODS_ROOT}/Target Support Files/Pods-SwftProject/Pods-SwftProject-frameworks-${CONFIGURATION}-input-files.xcfilelist",
			);
			name = "[CP] Embed Pods Frameworks";
			outputFileListPaths = (
				"${PODS_ROOT}/Target Support Files/Pods-SwftProject/Pods-SwftProject-frameworks-${CONFIGURATION}-output-files.xcfilelist",
			);
			runOnlyForDeploymentPostprocessing = 0;
			shellPath = /bin/sh;
			shellScript = "\"${PODS_ROOT}/Target Support Files/Pods-SwftProject/Pods-SwftProject-frameworks.sh\"\n";
			showEnvVarsInLog = 0;
		};
		47BF4F30720BD2C5293FEA35 /* [CP] Check Pods Manifest.lock */ = {
			isa = PBXShellScriptBuildPhase;
			buildActionMask = 2147483647;
			files = (
			);
			inputFileListPaths = (
			);
			inputPaths = (
				"${PODS_PODFILE_DIR_PATH}/Podfile.lock",
				"${PODS_ROOT}/Manifest.lock",
			);
			name = "[CP] Check Pods Manifest.lock";
			outputFileListPaths = (
			);
			outputPaths = (
				"$(DERIVED_FILE_DIR)/Pods-SwftProject-checkManifestLockResult.txt",
			);
			runOnlyForDeploymentPostprocessing = 0;
			shellPath = /bin/sh;
			shellScript = "diff \"${PODS_PODFILE_DIR_PATH}/Podfile.lock\" \"${PODS_ROOT}/Manifest.lock\" > /dev/null\nif [ $? != 0 ] ; then\n    # print error to STDERR\n    echo \"error: The sandbox is not in sync with the Podfile.lock. Run 'pod install' or update your CocoaPods installation.\" >&2\n    exit 1\nfi\n# This output is used by Xcode 'outputs' to avoid re-running this script phase.\necho \"SUCCESS\" > \"${SCRIPT_OUTPUT_FILE_0}\"\n";
			showEnvVarsInLog = 0;
		};
/* End PBXShellScriptBuildPhase section */

/* Begin PBXSourcesBuildPhase section */
		CFA024F62B22B18600B172EE /* Sources */ = {
			isa = PBXSourcesBuildPhase;
			buildActionMask = 2147483647;
			files = (
				CFA0251C2B22BF0B00B172EE /* JBaseViewController.swift in Sources */,
				CFA025022B22B18700B172EE /* ViewController.swift in Sources */,
				CFA024FE2B22B18700B172EE /* AppDelegate.swift in Sources */,
				CFA025182B22BECB00B172EE /* JTabbarVC.swift in Sources */,
				CFA0251E2B22C0D000B172EE /* JMainViewController.swift in Sources */,
				CFA0251A2B22BEF500B172EE /* JNavContoller.swift in Sources */,
			);
			runOnlyForDeploymentPostprocessing = 0;
		};
/* End PBXSourcesBuildPhase section */

/* Begin PBXVariantGroup section */
		CFA025032B22B18700B172EE /* Main.storyboard */ = {
			isa = PBXVariantGroup;
			children = (
				CFA025042B22B18700B172EE /* Base */,
			);
			name = Main.storyboard;
			sourceTree = "<group>";
		};
		CFA025082B22B18700B172EE /* LaunchScreen.storyboard */ = {
			isa = PBXVariantGroup;
			children = (
				CFA025092B22B18700B172EE /* Base */,
			);
			name = LaunchScreen.storyboard;
			sourceTree = "<group>";
		};
/* End PBXVariantGroup section */

/* Begin XCBuildConfiguration section */
		CFA0250C2B22B18700B172EE /* Debug */ = {
			isa = XCBuildConfiguration;
			buildSettings = {
				ALWAYS_SEARCH_USER_PATHS = NO;
				CLANG_ANALYZER_NONNULL = YES;
				CLANG_ANALYZER_NUMBER_OBJECT_CONVERSION = YES_AGGRESSIVE;
				CLANG_CXX_LANGUAGE_STANDARD = "gnu++20";
				CLANG_ENABLE_MODULES = YES;
				CLANG_ENABLE_OBJC_ARC = YES;
				CLANG_ENABLE_OBJC_WEAK = YES;
				CLANG_WARN_BLOCK_CAPTURE_AUTORELEASING = YES;
				CLANG_WARN_BOOL_CONVERSION = YES;
				CLANG_WARN_COMMA = YES;
				CLANG_WARN_CONSTANT_CONVERSION = YES;
				CLANG_WARN_DEPRECATED_OBJC_IMPLEMENTATIONS = YES;
				CLANG_WARN_DIRECT_OBJC_ISA_USAGE = YES_ERROR;
				CLANG_WARN_DOCUMENTATION_COMMENTS = YES;
				CLANG_WARN_EMPTY_BODY = YES;
				CLANG_WARN_ENUM_CONVERSION = YES;
				CLANG_WARN_INFINITE_RECURSION = YES;
				CLANG_WARN_INT_CONVERSION = YES;
				CLANG_WARN_NON_LITERAL_NULL_CONVERSION = YES;
				CLANG_WARN_OBJC_IMPLICIT_RETAIN_SELF = YES;
				CLANG_WARN_OBJC_LITERAL_CONVERSION = YES;
				CLANG_WARN_OBJC_ROOT_CLASS = YES_ERROR;
				CLANG_WARN_QUOTED_INCLUDE_IN_FRAMEWORK_HEADER = YES;
				CLANG_WARN_RANGE_LOOP_ANALYSIS = YES;
				CLANG_WARN_STRICT_PROTOTYPES = YES;
				CLANG_WARN_SUSPICIOUS_MOVE = YES;
				CLANG_WARN_UNGUARDED_AVAILABILITY = YES_AGGRESSIVE;
				CLANG_WARN_UNREACHABLE_CODE = YES;
				CLANG_WARN__DUPLICATE_METHOD_MATCH = YES;
				COPY_PHASE_STRIP = NO;
				DEBUG_INFORMATION_FORMAT = dwarf;
				ENABLE_STRICT_OBJC_MSGSEND = YES;
				ENABLE_TESTABILITY = YES;
				GCC_C_LANGUAGE_STANDARD = gnu11;
				GCC_DYNAMIC_NO_PIC = NO;
				GCC_NO_COMMON_BLOCKS = YES;
				GCC_OPTIMIZATION_LEVEL = 0;
				GCC_PREPROCESSOR_DEFINITIONS = (
					"DEBUG=1",
					"$(inherited)",
				);
				GCC_WARN_64_TO_32_BIT_CONVERSION = YES;
				GCC_WARN_ABOUT_RETURN_TYPE = YES_ERROR;
				GCC_WARN_UNDECLARED_SELECTOR = YES;
				GCC_WARN_UNINITIALIZED_AUTOS = YES_AGGRESSIVE;
				GCC_WARN_UNUSED_FUNCTION = YES;
				GCC_WARN_UNUSED_VARIABLE = YES;
				IPHONEOS_DEPLOYMENT_TARGET = 15.0;
				MTL_ENABLE_DEBUG_INFO = INCLUDE_SOURCE;
				MTL_FAST_MATH = YES;
				ONLY_ACTIVE_ARCH = YES;
				SDKROOT = iphoneos;
				SWIFT_ACTIVE_COMPILATION_CONDITIONS = DEBUG;
				SWIFT_OPTIMIZATION_LEVEL = "-Onone";
			};
			name = Debug;
		};
		CFA0250D2B22B18700B172EE /* Release */ = {
			isa = XCBuildConfiguration;
			buildSettings = {
				ALWAYS_SEARCH_USER_PATHS = NO;
				CLANG_ANALYZER_NONNULL = YES;
				CLANG_ANALYZER_NUMBER_OBJECT_CONVERSION = YES_AGGRESSIVE;
				CLANG_CXX_LANGUAGE_STANDARD = "gnu++20";
				CLANG_ENABLE_MODULES = YES;
				CLANG_ENABLE_OBJC_ARC = YES;
				CLANG_ENABLE_OBJC_WEAK = YES;
				CLANG_WARN_BLOCK_CAPTURE_AUTORELEASING = YES;
				CLANG_WARN_BOOL_CONVERSION = YES;
				CLANG_WARN_COMMA = YES;
				CLANG_WARN_CONSTANT_CONVERSION = YES;
				CLANG_WARN_DEPRECATED_OBJC_IMPLEMENTATIONS = YES;
				CLANG_WARN_DIRECT_OBJC_ISA_USAGE = YES_ERROR;
				CLANG_WARN_DOCUMENTATION_COMMENTS = YES;
				CLANG_WARN_EMPTY_BODY = YES;
				CLANG_WARN_ENUM_CONVERSION = YES;
				CLANG_WARN_INFINITE_RECURSION = YES;
				CLANG_WARN_INT_CONVERSION = YES;
				CLANG_WARN_NON_LITERAL_NULL_CONVERSION = YES;
				CLANG_WARN_OBJC_IMPLICIT_RETAIN_SELF = YES;
				CLANG_WARN_OBJC_LITERAL_CONVERSION = YES;
				CLANG_WARN_OBJC_ROOT_CLASS = YES_ERROR;
				CLANG_WARN_QUOTED_INCLUDE_IN_FRAMEWORK_HEADER = YES;
				CLANG_WARN_RANGE_LOOP_ANALYSIS = YES;
				CLANG_WARN_STRICT_PROTOTYPES = YES;
				CLANG_WARN_SUSPICIOUS_MOVE = YES;
				CLANG_WARN_UNGUARDED_AVAILABILITY = YES_AGGRESSIVE;
				CLANG_WARN_UNREACHABLE_CODE = YES;
				CLANG_WARN__DUPLICATE_METHOD_MATCH = YES;
				COPY_PHASE_STRIP = NO;
				DEBUG_INFORMATION_FORMAT = "dwarf-with-dsym";
				ENABLE_NS_ASSERTIONS = NO;
				ENABLE_STRICT_OBJC_MSGSEND = YES;
				GCC_C_LANGUAGE_STANDARD = gnu11;
				GCC_NO_COMMON_BLOCKS = YES;
				GCC_WARN_64_TO_32_BIT_CONVERSION = YES;
				GCC_WARN_ABOUT_RETURN_TYPE = YES_ERROR;
				GCC_WARN_UNDECLARED_SELECTOR = YES;
				GCC_WARN_UNINITIALIZED_AUTOS = YES_AGGRESSIVE;
				GCC_WARN_UNUSED_FUNCTION = YES;
				GCC_WARN_UNUSED_VARIABLE = YES;
				IPHONEOS_DEPLOYMENT_TARGET = 15.0;
				MTL_ENABLE_DEBUG_INFO = NO;
				MTL_FAST_MATH = YES;
				SDKROOT = iphoneos;
				SWIFT_COMPILATION_MODE = wholemodule;
				SWIFT_OPTIMIZATION_LEVEL = "-O";
				VALIDATE_PRODUCT = YES;
			};
			name = Release;
		};
		CFA0250F2B22B18700B172EE /* Debug */ = {
			isa = XCBuildConfiguration;
			baseConfigurationReference = CBAD7A644817A1EC9EE38BE1 /* Pods-SwftProject.debug.xcconfig */;
			buildSettings = {
				ASSETCATALOG_COMPILER_APPICON_NAME = AppIcon;
				ASSETCATALOG_COMPILER_GLOBAL_ACCENT_COLOR_NAME = AccentColor;
				CODE_SIGN_STYLE = Automatic;
				CURRENT_PROJECT_VERSION = 1;
				DEVELOPMENT_TEAM = AAT42DGMFC;
				GENERATE_INFOPLIST_FILE = YES;
				INFOPLIST_FILE = SwftProject/Info.plist;
				INFOPLIST_KEY_UIApplicationSupportsIndirectInputEvents = YES;
				INFOPLIST_KEY_UILaunchStoryboardName = LaunchScreen;
				INFOPLIST_KEY_UIMainStoryboardFile = Main;
				INFOPLIST_KEY_UISupportedInterfaceOrientations_iPad = "UIInterfaceOrientationPortrait UIInterfaceOrientationPortraitUpsideDown UIInterfaceOrientationLandscapeLeft UIInterfaceOrientationLandscapeRight";
				INFOPLIST_KEY_UISupportedInterfaceOrientations_iPhone = "UIInterfaceOrientationPortrait UIInterfaceOrientationLandscapeLeft UIInterfaceOrientationLandscapeRight";
				IPHONEOS_DEPLOYMENT_TARGET = 15.0;
				LD_RUNPATH_SEARCH_PATHS = (
					"$(inherited)",
					"@executable_path/Frameworks",
				);
				MARKETING_VERSION = 1.0;
				PRODUCT_BUNDLE_IDENTIFIER = SwftProject.test.com.SwftProject;
				PRODUCT_NAME = "$(TARGET_NAME)";
				SWIFT_EMIT_LOC_STRINGS = YES;
				SWIFT_VERSION = 5.0;
				TARGETED_DEVICE_FAMILY = "1,2";
			};
			name = Debug;
		};
		CFA025102B22B18700B172EE /* Release */ = {
			isa = XCBuildConfiguration;
			baseConfigurationReference = C11A96908CBB3CF25EED5876 /* Pods-SwftProject.release.xcconfig */;
			buildSettings = {
				ASSETCATALOG_COMPILER_APPICON_NAME = AppIcon;
				ASSETCATALOG_COMPILER_GLOBAL_ACCENT_COLOR_NAME = AccentColor;
				CODE_SIGN_STYLE = Automatic;
				CURRENT_PROJECT_VERSION = 1;
				DEVELOPMENT_TEAM = AAT42DGMFC;
				GENERATE_INFOPLIST_FILE = YES;
				INFOPLIST_FILE = SwftProject/Info.plist;
				INFOPLIST_KEY_UIApplicationSupportsIndirectInputEvents = YES;
				INFOPLIST_KEY_UILaunchStoryboardName = LaunchScreen;
				INFOPLIST_KEY_UIMainStoryboardFile = Main;
				INFOPLIST_KEY_UISupportedInterfaceOrientations_iPad = "UIInterfaceOrientationPortrait UIInterfaceOrientationPortraitUpsideDown UIInterfaceOrientationLandscapeLeft UIInterfaceOrientationLandscapeRight";
				INFOPLIST_KEY_UISupportedInterfaceOrientations_iPhone = "UIInterfaceOrientationPortrait UIInterfaceOrientationLandscapeLeft UIInterfaceOrientationLandscapeRight";
				IPHONEOS_DEPLOYMENT_TARGET = 15.0;
				LD_RUNPATH_SEARCH_PATHS = (
					"$(inherited)",
					"@executable_path/Frameworks",
				);
				MARKETING_VERSION = 1.0;
				PRODUCT_BUNDLE_IDENTIFIER = SwftProject.test.com.SwftProject;
				PRODUCT_NAME = "$(TARGET_NAME)";
				SWIFT_EMIT_LOC_STRINGS = YES;
				SWIFT_VERSION = 5.0;
				TARGETED_DEVICE_FAMILY = "1,2";
			};
			name = Release;
		};
/* End XCBuildConfiguration section */

/* Begin XCConfigurationList section */
		CFA024F52B22B18600B172EE /* Build configuration list for PBXProject "SwftProject" */ = {
			isa = XCConfigurationList;
			buildConfigurations = (
				CFA0250C2B22B18700B172EE /* Debug */,
				CFA0250D2B22B18700B172EE /* Release */,
			);
			defaultConfigurationIsVisible = 0;
			defaultConfigurationName = Release;
		};
		CFA0250E2B22B18700B172EE /* Build configuration list for PBXNativeTarget "SwftProject" */ = {
			isa = XCConfigurationList;
			buildConfigurations = (
				CFA0250F2B22B18700B172EE /* Debug */,
				CFA025102B22B18700B172EE /* Release */,
			);
			defaultConfigurationIsVisible = 0;
			defaultConfigurationName = Release;
		};
/* End XCConfigurationList section */
	};
	rootObject = CFA024F22B22B18600B172EE /* Project object */;
}
